
Microsoft Visual Studio Solution File, Format Version 12.00
# Visual Studio 2012
Project("{F2A71F9B-5D33-465A-A702-920D77279786}") = "FizzBuzz", "FizzBuzz.fsproj", "{2C7C4603-543B-4364-B5CD-E0C8ED60A51C}"
EndProject
Global
	GlobalSection(SolutionConfigurationPlatforms) = preSolution
		Debug|Any CPU = Debug|Any CPU
		Release|Any CPU = Release|Any CPU
	EndGlobalSection
	GlobalSection(ProjectConfigurationPlatforms) = postSolution
		{2C7C4603-543B-4364-B5CD-E0C8ED60A51C}.Debug|Any CPU.ActiveCfg = Debug|Any CPU
		{2C7C4603-543B-4364-B5CD-E0C8ED60A51C}.Debug|Any CPU.Build.0 = Debug|Any CPU
		{2C7C4603-543B-4364-B5CD-E0C8ED60A51C}.Release|Any CPU.ActiveCfg = Release|Any CPU
		{2C7C4603-543B-4364-B5CD-E0C8ED60A51C}.Release|Any CPU.Build.0 = Release|Any CPU
	EndGlobalSection
	GlobalSection(SolutionProperties) = preSolution
		HideSolutionNode = FALSE
	EndGlobalSection
EndGlobal
